// !$*UTF8*$!
{
	archiveVersion = 1;
	classes = {
	};
	objectVersion = 55;
	objects = {

/* Begin PBXBuildFile section */
		181AACFC27EB857700399F9F /* AppDelegate.m in Sources */ = {isa = PBXBuildFile; fileRef = 181AACFB27EB857700399F9F /* AppDelegate.m */; };
		181AACFF27EB857700399F9F /* SceneDelegate.m in Sources */ = {isa = PBXBuildFile; fileRef = 181AACFE27EB857700399F9F /* SceneDelegate.m */; };
		181AAD0227EB857700399F9F /* ViewController.m in Sources */ = {isa = PBXBuildFile; fileRef = 181AAD0127EB857700399F9F /* ViewController.m */; };
		181AAD0527EB857700399F9F /* Main.storyboard in Resources */ = {isa = PBXBuildFile; fileRef = 181AAD0327EB857700399F9F /* Main.storyboard */; };
		181AAD0727EB857900399F9F /* Assets.xcassets in Resources */ = {isa = PBXBuildFile; fileRef = 181AAD0627EB857900399F9F /* Assets.xcassets */; };
		181AAD0A27EB857900399F9F /* LaunchScreen.storyboard in Resources */ = {isa = PBXBuildFile; fileRef = 181AAD0827EB857900399F9F /* LaunchScreen.storyboard */; };
		181AAD0D27EB857900399F9F /* main.m in Sources */ = {isa = PBXBuildFile; fileRef = 181AAD0C27EB857900399F9F /* main.m */; };
		181AAD1727EB857900399F9F /* IOSDemoTests.m in Sources */ = {isa = PBXBuildFile; fileRef = 181AAD1627EB857900399F9F /* IOSDemoTests.m */; };
		181AAD2127EB857900399F9F /* IOSDemoUITests.m in Sources */ = {isa = PBXBuildFile; fileRef = 181AAD2027EB857900399F9F /* IOSDemoUITests.m */; };
		181AAD2327EB857900399F9F /* IOSDemoUITestsLaunchTests.m in Sources */ = {isa = PBXBuildFile; fileRef = 181AAD2227EB857900399F9F /* IOSDemoUITestsLaunchTests.m */; };
/* End PBXBuildFile section */

/* Begin PBXContainerItemProxy section */
		181AAD1327EB857900399F9F /* PBXContainerItemProxy */ = {
			isa = PBXContainerItemProxy;
			containerPortal = 181AACEF27EB857700399F9F /* Project object */;
			proxyType = 1;
			remoteGlobalIDString = 181AACF627EB857700399F9F;
			remoteInfo = IOSDemo;
		};
		181AAD1D27EB857900399F9F /* PBXContainerItemProxy */ = {
			isa = PBXContainerItemProxy;
			containerPortal = 181AACEF27EB857700399F9F /* Project object */;
			proxyType = 1;
			remoteGlobalIDString = 181AACF627EB857700399F9F;
			remoteInfo = IOSDemo;
		};
/* End PBXContainerItemProxy section */

/* Begin PBXFileReference section */
		181AACF727EB857700399F9F /* IOSDemo.app */ = {isa = PBXFileReference; explicitFileType = wrapper.application; includeInIndex = 0; path = IOSDemo.app; sourceTree = BUILT_PRODUCTS_DIR; };
		181AACFA27EB857700399F9F /* AppDelegate.h */ = {isa = PBXFileReference; lastKnownFileType = sourcecode.c.h; path = AppDelegate.h; sourceTree = "<group>"; };
		181AACFB27EB857700399F9F /* AppDelegate.m */ = {isa = PBXFileReference; lastKnownFileType = sourcecode.c.objc; path = AppDelegate.m; sourceTree = "<group>"; };
		181AACFD27EB857700399F9F /* SceneDelegate.h */ = {isa = PBXFileReference; lastKnownFileType = sourcecode.c.h; path = SceneDelegate.h; sourceTree = "<group>"; };
		181AACFE27EB857700399F9F /* SceneDelegate.m */ = {isa = PBXFileReference; lastKnownFileType = sourcecode.c.objc; path = SceneDelegate.m; sourceTree = "<group>"; };
		181AAD0027EB857700399F9F /* ViewController.h */ = {isa = PBXFileReference; lastKnownFileType = sourcecode.c.h; path = ViewController.h; sourceTree = "<group>"; };
		181AAD0127EB857700399F9F /* ViewController.m */ = {isa = PBXFileReference; lastKnownFileType = sourcecode.c.objc; path = ViewController.m; sourceTree = "<group>"; };
		181AAD0427EB857700399F9F /* Base */ = {isa = PBXFileReference; lastKnownFileType = file.storyboard; name = Base; path = Base.lproj/Main.storyboard; sourceTree = "<group>"; };
		181AAD0627EB857900399F9F /* Assets.xcassets */ = {isa = PBXFileReference; lastKnownFileType = folder.assetcatalog; path = Assets.xcassets; sourceTree = "<group>"; };
		181AAD0927EB857900399F9F /* Base */ = {isa = PBXFileReference; lastKnownFileType = file.storyboard; name = Base; path = Base.lproj/LaunchScreen.storyboard; sourceTree = "<group>"; };
		181AAD0B27EB857900399F9F /* Info.plist */ = {isa = PBXFileReference; lastKnownFileType = text.plist.xml; path = Info.plist; sourceTree = "<group>"; };
		181AAD0C27EB857900399F9F /* main.m */ = {isa = PBXFileReference; lastKnownFileType = sourcecode.c.objc; path = main.m; sourceTree = "<group>"; };
		181AAD1227EB857900399F9F /* IOSDemoTests.xctest */ = {isa = PBXFileReference; explicitFileType = wrapper.cfbundle; includeInIndex = 0; path = IOSDemoTests.xctest; sourceTree = BUILT_PRODUCTS_DIR; };
		181AAD1627EB857900399F9F /* IOSDemoTests.m */ = {isa = PBXFileReference; lastKnownFileType = sourcecode.c.objc; path = IOSDemoTests.m; sourceTree = "<group>"; };
		181AAD1C27EB857900399F9F /* IOSDemoUITests.xctest */ = {isa = PBXFileReference; explicitFileType = wrapper.cfbundle; includeInIndex = 0; path = IOSDemoUITests.xctest; sourceTree = BUILT_PRODUCTS_DIR; };
		181AAD2027EB857900399F9F /* IOSDemoUITests.m */ = {isa = PBXFileReference; lastKnownFileType = sourcecode.c.objc; path = IOSDemoUITests.m; sourceTree = "<group>"; };
		181AAD2227EB857900399F9F /* IOSDemoUITestsLaunchTests.m */ = {isa = PBXFileReference; lastKnownFileType = sourcecode.c.objc; path = IOSDemoUITestsLaunchTests.m; sourceTree = "<group>"; };
/* End PBXFileReference section */

/* Begin PBXFrameworksBuildPhase section */
		181AACF427EB857700399F9F /* Frameworks */ = {
			isa = PBXFrameworksBuildPhase;
			buildActionMask = 2147483647;
			files = (
			);
			runOnlyForDeploymentPostprocessing = 0;
		};
		181AAD0F27EB857900399F9F /* Frameworks */ = {
			isa = PBXFrameworksBuildPhase;
			buildActionMask = 2147483647;
			files = (
			);
			runOnlyForDeploymentPostprocessing = 0;
		};
		181AAD1927EB857900399F9F /* Frameworks */ = {
			isa = PBXFrameworksBuildPhase;
			buildActionMask = 2147483647;
			files = (
			);
			runOnlyForDeploymentPostprocessing = 0;
		};
/* End PBXFrameworksBuildPhase section */

/* Begin PBXGroup section */
		181AACEE27EB857700399F9F = {
			isa = PBXGroup;
			children = (
				181AACF927EB857700399F9F /* IOSDemo */,
				181AAD1527EB857900399F9F /* IOSDemoTests */,
				181AAD1F27EB857900399F9F /* IOSDemoUITests */,
				181AACF827EB857700399F9F /* Products */,
			);
			sourceTree = "<group>";
		};
		181AACF827EB857700399F9F /* Products */ = {
			isa = PBXGroup;
			children = (
				181AACF727EB857700399F9F /* IOSDemo.app */,
				181AAD1227EB857900399F9F /* IOSDemoTests.xctest */,
				181AAD1C27EB857900399F9F /* IOSDemoUITests.xctest */,
			);
			name = Products;
			sourceTree = "<group>";
		};
		181AACF927EB857700399F9F /* IOSDemo */ = {
			isa = PBXGroup;
			children = (
				181AACFA27EB857700399F9F /* AppDelegate.h */,
				181AACFB27EB857700399F9F /* AppDelegate.m */,
				181AACFD27EB857700399F9F /* SceneDelegate.h */,
				181AACFE27EB857700399F9F /* SceneDelegate.m */,
				181AAD0027EB857700399F9F /* ViewController.h */,
				181AAD0127EB857700399F9F /* ViewController.m */,
				181AAD0327EB857700399F9F /* Main.storyboard */,
				181AAD0627EB857900399F9F /* Assets.xcassets */,
				181AAD0827EB857900399F9F /* LaunchScreen.storyboard */,
				181AAD0B27EB857900399F9F /* Info.plist */,
				181AAD0C27EB857900399F9F /* main.m */,
			);
			path = IOSDemo;
			sourceTree = "<group>";
		};
		181AAD1527EB857900399F9F /* IOSDemoTests */ = {
			isa = PBXGroup;
			children = (
				181AAD1627EB857900399F9F /* IOSDemoTests.m */,
			);
			path = IOSDemoTests;
			sourceTree = "<group>";
		};
		181AAD1F27EB857900399F9F /* IOSDemoUITests */ = {
			isa = PBXGroup;
			children = (
				181AAD2027EB857900399F9F /* IOSDemoUITests.m */,
				181AAD2227EB857900399F9F /* IOSDemoUITestsLaunchTests.m */,
			);
			path = IOSDemoUITests;
			sourceTree = "<group>";
		};
/* End PBXGroup section */

/* Begin PBXNativeTarget section */
		181AACF627EB857700399F9F /* IOSDemo */ = {
			isa = PBXNativeTarget;
			buildConfigurationList = 181AAD2627EB857900399F9F /* Build configuration list for PBXNativeTarget "IOSDemo" */;
			buildPhases = (
				181AACF327EB857700399F9F /* Sources */,
				181AACF427EB857700399F9F /* Frameworks */,
				181AACF527EB857700399F9F /* Resources */,
			);
			buildRules = (
			);
			dependencies = (
			);
			name = IOSDemo;
			productName = IOSDemo;
			productReference = 181AACF727EB857700399F9F /* IOSDemo.app */;
			productType = "com.apple.product-type.application";
		};
		181AAD1127EB857900399F9F /* IOSDemoTests */ = {
			isa = PBXNativeTarget;
			buildConfigurationList = 181AAD2927EB857900399F9F /* Build configuration list for PBXNativeTarget "IOSDemoTests" */;
			buildPhases = (
				181AAD0E27EB857900399F9F /* Sources */,
				181AAD0F27EB857900399F9F /* Frameworks */,
				181AAD1027EB857900399F9F /* Resources */,
			);
			buildRules = (
			);
			dependencies = (
				181AAD1427EB857900399F9F /* PBXTargetDependency */,
			);
			name = IOSDemoTests;
			productName = IOSDemoTests;
			productReference = 181AAD1227EB857900399F9F /* IOSDemoTests.xctest */;
			productType = "com.apple.product-type.bundle.unit-test";
		};
		181AAD1B27EB857900399F9F /* IOSDemoUITests */ = {
			isa = PBXNativeTarget;
			buildConfigurationList = 181AAD2C27EB857900399F9F /* Build configuration list for PBXNativeTarget "IOSDemoUITests" */;
			buildPhases = (
				181AAD1827EB857900399F9F /* Sources */,
				181AAD1927EB857900399F9F /* Frameworks */,
				181AAD1A27EB857900399F9F /* Resources */,
			);
			buildRules = (
			);
			dependencies = (
				181AAD1E27EB857900399F9F /* PBXTargetDependency */,
			);
			name = IOSDemoUITests;
			productName = IOSDemoUITests;
			productReference = 181AAD1C27EB857900399F9F /* IOSDemoUITests.xctest */;
			productType = "com.apple.product-type.bundle.ui-testing";
		};
/* End PBXNativeTarget section */

/* Begin PBXProject section */
		181AACEF27EB857700399F9F /* Project object */ = {
			isa = PBXProject;
			attributes = {
				BuildIndependentTargetsInParallel = 1;
				LastUpgradeCheck = 1310;
				TargetAttributes = {
					181AACF627EB857700399F9F = {
						CreatedOnToolsVersion = 13.1;
					};
					181AAD1127EB857900399F9F = {
						CreatedOnToolsVersion = 13.1;
						TestTargetID = 181AACF627EB857700399F9F;
					};
					181AAD1B27EB857900399F9F = {
						CreatedOnToolsVersion = 13.1;
						TestTargetID = 181AACF627EB857700399F9F;
					};
				};
			};
			buildConfigurationList = 181AACF227EB857700399F9F /* Build configuration list for PBXProject "IOSDemo" */;
			compatibilityVersion = "Xcode 13.0";
			developmentRegion = en;
			hasScannedForEncodings = 0;
			knownRegions = (
				en,
				Base,
			);
			mainGroup = 181AACEE27EB857700399F9F;
			productRefGroup = 181AACF827EB857700399F9F /* Products */;
			projectDirPath = "";
			projectRoot = "";
			targets = (
				181AACF627EB857700399F9F /* IOSDemo */,
				181AAD1127EB857900399F9F /* IOSDemoTests */,
				181AAD1B27EB857900399F9F /* IOSDemoUITests */,
			);
		};
/* End PBXProject section */

/* Begin PBXResourcesBuildPhase section */
		181AACF527EB857700399F9F /* Resources */ = {
			isa = PBXResourcesBuildPhase;
			buildActionMask = 2147483647;
			files = (
				181AAD0A27EB857900399F9F /* LaunchScreen.storyboard in Resources */,
				181AAD0727EB857900399F9F /* Assets.xcassets in Resources */,
				181AAD0527EB857700399F9F /* Main.storyboard in Resources */,
			);
			runOnlyForDeploymentPostprocessing = 0;
		};
		181AAD1027EB857900399F9F /* Resources */ = {
			isa = PBXResourcesBuildPhase;
			buildActionMask = 2147483647;
			files = (
			);
			runOnlyForDeploymentPostprocessing = 0;
		};
		181AAD1A27EB857900399F9F /* Resources */ = {
			isa = PBXResourcesBuildPhase;
			buildActionMask = 2147483647;
			files = (
			);
			runOnlyForDeploymentPostprocessing = 0;
		};
/* End PBXResourcesBuildPhase section */

/* Begin PBXSourcesBuildPhase section */
		181AACF327EB857700399F9F /* Sources */ = {
			isa = PBXSourcesBuildPhase;
			buildActionMask = 2147483647;
			files = (
				181AAD0227EB857700399F9F /* ViewController.m in Sources */,
				181AACFC27EB857700399F9F /* AppDelegate.m in Sources */,
				181AAD0D27EB857900399F9F /* main.m in Sources */,
				181AACFF27EB857700399F9F /* SceneDelegate.m in Sources */,
			);
			runOnlyForDeploymentPostprocessing = 0;
		};
		181AAD0E27EB857900399F9F /* Sources */ = {
			isa = PBXSourcesBuildPhase;
			buildActionMask = 2147483647;
			files = (
				181AAD1727EB857900399F9F /* IOSDemoTests.m in Sources */,
			);
			runOnlyForDeploymentPostprocessing = 0;
		};
		181AAD1827EB857900399F9F /* Sources */ = {
			isa = PBXSourcesBuildPhase;
			buildActionMask = 2147483647;
			files = (
				181AAD2127EB857900399F9F /* IOSDemoUITests.m in Sources */,
				181AAD2327EB857900399F9F /* IOSDemoUITestsLaunchTests.m in Sources */,
			);
			runOnlyForDeploymentPostprocessing = 0;
		};
/* End PBXSourcesBuildPhase section */

/* Begin PBXTargetDependency section */
		181AAD1427EB857900399F9F /* PBXTargetDependency */ = {
			isa = PBXTargetDependency;
			target = 181AACF627EB857700399F9F /* IOSDemo */;
			targetProxy = 181AAD1327EB857900399F9F /* PBXContainerItemProxy */;
		};
		181AAD1E27EB857900399F9F /* PBXTargetDependency */ = {
			isa = PBXTargetDependency;
			target = 181AACF627EB857700399F9F /* IOSDemo */;
			targetProxy = 181AAD1D27EB857900399F9F /* PBXContainerItemProxy */;
		};
/* End PBXTargetDependency section */

/* Begin PBXVariantGroup section */
		181AAD0327EB857700399F9F /* Main.storyboard */ = {
			isa = PBXVariantGroup;
			children = (
				181AAD0427EB857700399F9F /* Base */,
			);
			name = Main.storyboard;
			sourceTree = "<group>";
		};
		181AAD0827EB857900399F9F /* LaunchScreen.storyboard */ = {
			isa = PBXVariantGroup;
			children = (
				181AAD0927EB857900399F9F /* Base */,
			);
			name = LaunchScreen.storyboard;
			sourceTree = "<group>";
		};
/* End PBXVariantGroup section */

/* Begin XCBuildConfiguration section */
		181AAD2427EB857900399F9F /* Debug */ = {
			isa = XCBuildConfiguration;
			buildSettings = {
				ALWAYS_SEARCH_USER_PATHS = NO;
				CLANG_ANALYZER_NONNULL = YES;
				CLANG_ANALYZER_NUMBER_OBJECT_CONVERSION = YES_AGGRESSIVE;
				CLANG_CXX_LANGUAGE_STANDARD = "gnu++17";
				CLANG_CXX_LIBRARY = "libc++";
				CLANG_ENABLE_MODULES = YES;
				CLANG_ENABLE_OBJC_ARC = YES;
				CLANG_ENABLE_OBJC_WEAK = YES;
				CLANG_WARN_BLOCK_CAPTURE_AUTORELEASING = YES;
				CLANG_WARN_BOOL_CONVERSION = YES;
				CLANG_WARN_COMMA = YES;
				CLANG_WARN_CONSTANT_CONVERSION = YES;
				CLANG_WARN_DEPRECATED_OBJC_IMPLEMENTATIONS = YES;
				CLANG_WARN_DIRECT_OBJC_ISA_USAGE = YES_ERROR;
				CLANG_WARN_DOCUMENTATION_COMMENTS = YES;
				CLANG_WARN_EMPTY_BODY = YES;
				CLANG_WARN_ENUM_CONVERSION = YES;
				CLANG_WARN_INFINITE_RECURSION = YES;
				CLANG_WARN_INT_CONVERSION = YES;
				CLANG_WARN_NON_LITERAL_NULL_CONVERSION = YES;
				CLANG_WARN_OBJC_IMPLICIT_RETAIN_SELF = YES;
				CLANG_WARN_OBJC_LITERAL_CONVERSION = YES;
				CLANG_WARN_OBJC_ROOT_CLASS = YES_ERROR;
				CLANG_WARN_QUOTED_INCLUDE_IN_FRAMEWORK_HEADER = YES;
				CLANG_WARN_RANGE_LOOP_ANALYSIS = YES;
				CLANG_WARN_STRICT_PROTOTYPES = YES;
				CLANG_WARN_SUSPICIOUS_MOVE = YES;
				CLANG_WARN_UNGUARDED_AVAILABILITY = YES_AGGRESSIVE;
				CLANG_WARN_UNREACHABLE_CODE = YES;
				CLANG_WARN__DUPLICATE_METHOD_MATCH = YES;
				COPY_PHASE_STRIP = NO;
				DEBUG_INFORMATION_FORMAT = dwarf;
				ENABLE_STRICT_OBJC_MSGSEND = YES;
				ENABLE_TESTABILITY = YES;
				GCC_C_LANGUAGE_STANDARD = gnu11;
				GCC_DYNAMIC_NO_PIC = NO;
				GCC_NO_COMMON_BLOCKS = YES;
				GCC_OPTIMIZATION_LEVEL = 0;
				GCC_PREPROCESSOR_DEFINITIONS = (
					"DEBUG=1",
					"$(inherited)",
				);
				GCC_WARN_64_TO_32_BIT_CONVERSION = YES;
				GCC_WARN_ABOUT_RETURN_TYPE = YES_ERROR;
				GCC_WARN_UNDECLARED_SELECTOR = YES;
				GCC_WARN_UNINITIALIZED_AUTOS = YES_AGGRESSIVE;
				GCC_WARN_UNUSED_FUNCTION = YES;
				GCC_WARN_UNUSED_VARIABLE = YES;
				IPHONEOS_DEPLOYMENT_TARGET = 15.0;
				MTL_ENABLE_DEBUG_INFO = INCLUDE_SOURCE;
				MTL_FAST_MATH = YES;
				ONLY_ACTIVE_ARCH = YES;
				SDKROOT = iphoneos;
			};
			name = Debug;
		};
		181AAD2527EB857900399F9F /* Release */ = {
			isa = XCBuildConfiguration;
			buildSettings = {
				ALWAYS_SEARCH_USER_PATHS = NO;
				CLANG_ANALYZER_NONNULL = YES;
				CLANG_ANALYZER_NUMBER_OBJECT_CONVERSION = YES_AGGRESSIVE;
				CLANG_CXX_LANGUAGE_STANDARD = "gnu++17";
				CLANG_CXX_LIBRARY = "libc++";
				CLANG_ENABLE_MODULES = YES;
				CLANG_ENABLE_OBJC_ARC = YES;
				CLANG_ENABLE_OBJC_WEAK = YES;
				CLANG_WARN_BLOCK_CAPTURE_AUTORELEASING = YES;
				CLANG_WARN_BOOL_CONVERSION = YES;
				CLANG_WARN_COMMA = YES;
				CLANG_WARN_CONSTANT_CONVERSION = YES;
				CLANG_WARN_DEPRECATED_OBJC_IMPLEMENTATIONS = YES;
				CLANG_WARN_DIRECT_OBJC_ISA_USAGE = YES_ERROR;
				CLANG_WARN_DOCUMENTATION_COMMENTS = YES;
				CLANG_WARN_EMPTY_BODY = YES;
				CLANG_WARN_ENUM_CONVERSION = YES;
				CLANG_WARN_INFINITE_RECURSION = YES;
				CLANG_WARN_INT_CONVERSION = YES;
				CLANG_WARN_NON_LITERAL_NULL_CONVERSION = YES;
				CLANG_WARN_OBJC_IMPLICIT_RETAIN_SELF = YES;
				CLANG_WARN_OBJC_LITERAL_CONVERSION = YES;
				CLANG_WARN_OBJC_ROOT_CLASS = YES_ERROR;
				CLANG_WARN_QUOTED_INCLUDE_IN_FRAMEWORK_HEADER = YES;
				CLANG_WARN_RANGE_LOOP_ANALYSIS = YES;
				CLANG_WARN_STRICT_PROTOTYPES = YES;
				CLANG_WARN_SUSPICIOUS_MOVE = YES;
				CLANG_WARN_UNGUARDED_AVAILABILITY = YES_AGGRESSIVE;
				CLANG_WARN_UNREACHABLE_CODE = YES;
				CLANG_WARN__DUPLICATE_METHOD_MATCH = YES;
				COPY_PHASE_STRIP = NO;
				DEBUG_INFORMATION_FORMAT = "dwarf-with-dsym";
				ENABLE_NS_ASSERTIONS = NO;
				ENABLE_STRICT_OBJC_MSGSEND = YES;
				GCC_C_LANGUAGE_STANDARD = gnu11;
				GCC_NO_COMMON_BLOCKS = YES;
				GCC_WARN_64_TO_32_BIT_CONVERSION = YES;
				GCC_WARN_ABOUT_RETURN_TYPE = YES_ERROR;
				GCC_WARN_UNDECLARED_SELECTOR = YES;
				GCC_WARN_UNINITIALIZED_AUTOS = YES_AGGRESSIVE;
				GCC_WARN_UNUSED_FUNCTION = YES;
				GCC_WARN_UNUSED_VARIABLE = YES;
				IPHONEOS_DEPLOYMENT_TARGET = 15.0;
				MTL_ENABLE_DEBUG_INFO = NO;
				MTL_FAST_MATH = YES;
				SDKROOT = iphoneos;
				VALIDATE_PRODUCT = YES;
			};
			name = Release;
		};
		181AAD2727EB857900399F9F /* Debug */ = {
			isa = XCBuildConfiguration;
			buildSettings = {
				ASSETCATALOG_COMPILER_APPICON_NAME = AppIcon;
				ASSETCATALOG_COMPILER_GLOBAL_ACCENT_COLOR_NAME = AccentColor;
				CODE_SIGN_STYLE = Automatic;
				CURRENT_PROJECT_VERSION = 1;
				DEVELOPMENT_TEAM = 43GM6F57RC;
				GENERATE_INFOPLIST_FILE = YES;
				INFOPLIST_FILE = IOSDemo/Info.plist;
				INFOPLIST_KEY_UIApplicationSupportsIndirectInputEvents = YES;
				INFOPLIST_KEY_UILaunchStoryboardName = LaunchScreen;
				INFOPLIST_KEY_UIMainStoryboardFile = Main;
				INFOPLIST_KEY_UISupportedInterfaceOrientations_iPad = "UIInterfaceOrientationPortrait UIInterfaceOrientationPortraitUpsideDown UIInterfaceOrientationLandscapeLeft UIInterfaceOrientationLandscapeRight";
				INFOPLIST_KEY_UISupportedInterfaceOrientations_iPhone = "UIInterfaceOrientationPortrait UIInterfaceOrientationLandscapeLeft UIInterfaceOrientationLandscapeRight";
				LD_RUNPATH_SEARCH_PATHS = (
					"$(inherited)",
					"@executable_path/Frameworks",
				);
				MARKETING_VERSION = 1.0;
				PRODUCT_BUNDLE_IDENTIFIER = com.lsx.IOSDemo;
				PRODUCT_NAME = "$(TARGET_NAME)";
				SWIFT_EMIT_LOC_STRINGS = YES;
				TARGETED_DEVICE_FAMILY = "1,2";
			};
			name = Debug;
		};
		181AAD2827EB857900399F9F /* Release */ = {
			isa = XCBuildConfiguration;
			buildSettings = {
				ASSETCATALOG_COMPILER_APPICON_NAME = AppIcon;
				ASSETCATALOG_COMPILER_GLOBAL_ACCENT_COLOR_NAME = AccentColor;
				CODE_SIGN_STYLE = Automatic;
				CURRENT_PROJECT_VERSION = 1;
				DEVELOPMENT_TEAM = 43GM6F57RC;
				GENERATE_INFOPLIST_FILE = YES;
				INFOPLIST_FILE = IOSDemo/Info.plist;
				INFOPLIST_KEY_UIApplicationSupportsIndirectInputEvents = YES;
				INFOPLIST_KEY_UILaunchStoryboardName = LaunchScreen;
				INFOPLIST_KEY_UIMainStoryboardFile = Main;
				INFOPLIST_KEY_UISupportedInterfaceOrientations_iPad = "UIInterfaceOrientationPortrait UIInterfaceOrientationPortraitUpsideDown UIInterfaceOrientationLandscapeLeft UIInterfaceOrientationLandscapeRight";
				INFOPLIST_KEY_UISupportedInterfaceOrientations_iPhone = "UIInterfaceOrientationPortrait UIInterfaceOrientationLandscapeLeft UIInterfaceOrientationLandscapeRight";
				LD_RUNPATH_SEARCH_PATHS = (
					"$(inherited)",
					"@executable_path/Frameworks",
				);
				MARKETING_VERSION = 1.0;
				PRODUCT_BUNDLE_IDENTIFIER = com.lsx.IOSDemo;
				PRODUCT_NAME = "$(TARGET_NAME)";
				SWIFT_EMIT_LOC_STRINGS = YES;
				TARGETED_DEVICE_FAMILY = "1,2";
			};
			name = Release;
		};
		181AAD2A27EB857900399F9F /* Debug */ = {
			isa = XCBuildConfiguration;
			buildSettings = {
				BUNDLE_LOADER = "$(TEST_HOST)";
				CODE_SIGN_STYLE = Automatic;
				CURRENT_PROJECT_VERSION = 1;
				DEVELOPMENT_TEAM = 43GM6F57RC;
				GENERATE_INFOPLIST_FILE = YES;
				IPHONEOS_DEPLOYMENT_TARGET = 15.0;
				LD_RUNPATH_SEARCH_PATHS = (
					"$(inherited)",
					"@executable_path/Frameworks",
					"@loader_path/Frameworks",
				);
				MARKETING_VERSION = 1.0;
				PRODUCT_BUNDLE_IDENTIFIER = com.lsx.iosdemo.IOSDemoTests;
				PRODUCT_NAME = "$(TARGET_NAME)";
				SWIFT_EMIT_LOC_STRINGS = NO;
				TARGETED_DEVICE_FAMILY = "1,2";
				TEST_HOST = "$(BUILT_PRODUCTS_DIR)/IOSDemo.app/IOSDemo";
			};
			name = Debug;
		};
		181AAD2B27EB857900399F9F /* Release */ = {
			isa = XCBuildConfiguration;
			buildSettings = {
				BUNDLE_LOADER = "$(TEST_HOST)";
				CODE_SIGN_STYLE = Automatic;
				CURRENT_PROJECT_VERSION = 1;
				DEVELOPMENT_TEAM = 43GM6F57RC;
				GENERATE_INFOPLIST_FILE = YES;
				IPHONEOS_DEPLOYMENT_TARGET = 15.0;
				LD_RUNPATH_SEARCH_PATHS = (
					"$(inherited)",
					"@executable_path/Frameworks",
					"@loader_path/Frameworks",
				);
				MARKETING_VERSION = 1.0;
				PRODUCT_BUNDLE_IDENTIFIER = com.lsx.iosdemo.IOSDemoTests;
				PRODUCT_NAME = "$(TARGET_NAME)";
				SWIFT_EMIT_LOC_STRINGS = NO;
				TARGETED_DEVICE_FAMILY = "1,2";
				TEST_HOST = "$(BUILT_PRODUCTS_DIR)/IOSDemo.app/IOSDemo";
			};
			name = Release;
		};
		181AAD2D27EB857900399F9F /* Debug */ = {
			isa = XCBuildConfiguration;
			buildSettings = {
				CODE_SIGN_STYLE = Automatic;
				CURRENT_PROJECT_VERSION = 1;
				DEVELOPMENT_TEAM = 43GM6F57RC;
				GENERATE_INFOPLIST_FILE = YES;
				LD_RUNPATH_SEARCH_PATHS = (
					"$(inherited)",
					"@executable_path/Frameworks",
					"@loader_path/Frameworks",
				);
				MARKETING_VERSION = 1.0;
				PRODUCT_BUNDLE_IDENTIFIER = com.lsx.iosdemo.IOSDemoUITests;
				PRODUCT_NAME = "$(TARGET_NAME)";
				SWIFT_EMIT_LOC_STRINGS = NO;
				TARGETED_DEVICE_FAMILY = "1,2";
				TEST_TARGET_NAME = IOSDemo;
			};
			name = Debug;
		};
		181AAD2E27EB857900399F9F /* Release */ = {
			isa = XCBuildConfiguration;
			buildSettings = {
				CODE_SIGN_STYLE = Automatic;
				CURRENT_PROJECT_VERSION = 1;
				DEVELOPMENT_TEAM = 43GM6F57RC;
				GENERATE_INFOPLIST_FILE = YES;
				LD_RUNPATH_SEARCH_PATHS = (
					"$(inherited)",
					"@executable_path/Frameworks",
					"@loader_path/Frameworks",
				);
				MARKETING_VERSION = 1.0;
				PRODUCT_BUNDLE_IDENTIFIER = com.lsx.iosdemo.IOSDemoUITests;
				PRODUCT_NAME = "$(TARGET_NAME)";
				SWIFT_EMIT_LOC_STRINGS = NO;
				TARGETED_DEVICE_FAMILY = "1,2";
				TEST_TARGET_NAME = IOSDemo;
			};
			name = Release;
		};
/* End XCBuildConfiguration section */

/* Begin XCConfigurationList section */
		181AACF227EB857700399F9F /* Build configuration list for PBXProject "IOSDemo" */ = {
			isa = XCConfigurationList;
			buildConfigurations = (
				181AAD2427EB857900399F9F /* Debug */,
				181AAD2527EB857900399F9F /* Release */,
			);
			defaultConfigurationIsVisible = 0;
			defaultConfigurationName = Release;
		};
		181AAD2627EB857900399F9F /* Build configuration list for PBXNativeTarget "IOSDemo" */ = {
			isa = XCConfigurationList;
			buildConfigurations = (
				181AAD2727EB857900399F9F /* Debug */,
				181AAD2827EB857900399F9F /* Release */,
			);
			defaultConfigurationIsVisible = 0;
			defaultConfigurationName = Release;
		};
		181AAD2927EB857900399F9F /* Build configuration list for PBXNativeTarget "IOSDemoTests" */ = {
			isa = XCConfigurationList;
			buildConfigurations = (
				181AAD2A27EB857900399F9F /* Debug */,
				181AAD2B27EB857900399F9F /* Release */,
			);
			defaultConfigurationIsVisible = 0;
			defaultConfigurationName = Release;
		};
		181AAD2C27EB857900399F9F /* Build configuration list for PBXNativeTarget "IOSDemoUITests" */ = {
			isa = XCConfigurationList;
			buildConfigurations = (
				181AAD2D27EB857900399F9F /* Debug */,
				181AAD2E27EB857900399F9F /* Release */,
			);
			defaultConfigurationIsVisible = 0;
			defaultConfigurationName = Release;
		};
/* End XCConfigurationList section */
	};
	rootObject = 181AACEF27EB857700399F9F /* Project object */;
}
